
Microsoft Visual Studio Solution File, Format Version 12.00
# Visual Studio Version 16
VisualStudioVersion = 16.0.30717.126
MinimumVisualStudioVersion = 10.0.40219.1
Project("{9A19103F-16F7-4668-BE54-9A1E7A4F7556}") = "AddressBook", "AddressBook\AddressBook.csproj", "{5F2713C4-D2C0-4888-95BE-66749342F396}"
EndProject
Project("{FAE04EC0-301F-11D3-BF4B-00C04F79EFBC}") = "AddressBookTester", "AddressBookTester\AddressBookTester.csproj", "{AF73A5D2-BC42-4510-808A-50643F25F9C7}"
EndProject
Global
	GlobalSection(SolutionConfigurationPlatforms) = preSolution
		Debug|Any CPU = Debug|Any CPU
		Release|Any CPU = Release|Any CPU
	EndGlobalSection
	GlobalSection(ProjectConfigurationPlatforms) = postSolution
		{5F2713C4-D2C0-4888-95BE-66749342F396}.Debug|Any CPU.ActiveCfg = Debug|Any CPU
		{5F2713C4-D2C0-4888-95BE-66749342F396}.Debug|Any CPU.Build.0 = Debug|Any CPU
		{5F2713C4-D2C0-4888-95BE-66749342F396}.Release|Any CPU.ActiveCfg = Release|Any CPU
		{5F2713C4-D2C0-4888-95BE-66749342F396}.Release|Any CPU.Build.0 = Release|Any CPU
		{AF73A5D2-BC42-4510-808A-50643F25F9C7}.Debug|Any CPU.ActiveCfg = Debug|Any CPU
		{AF73A5D2-BC42-4510-808A-50643F25F9C7}.Debug|Any CPU.Build.0 = Debug|Any CPU
		{AF73A5D2-BC42-4510-808A-50643F25F9C7}.Release|Any CPU.ActiveCfg = Release|Any CPU
		{AF73A5D2-BC42-4510-808A-50643F25F9C7}.Release|Any CPU.Build.0 = Release|Any CPU
	EndGlobalSection
	GlobalSection(SolutionProperties) = preSolution
		HideSolutionNode = FALSE
	EndGlobalSection
	GlobalSection(ExtensibilityGlobals) = postSolution
		SolutionGuid = {0FABBD68-5A22-4523-B6A6-1DEEE7988E30}
	EndGlobalSection
EndGlobal
